
Microsoft Visual Studio Solution File, Format Version 12.00
Project("{FAE04EC0-301F-11D3-BF4B-00C04F79EFBC}") = "SeaBattle2Tests", "SeaBattle2Tests\SeaBattle2Tests.csproj", "{44AA10D8-525F-45D4-8A77-647114755456}"
EndProject
Project("{FAE04EC0-301F-11D3-BF4B-00C04F79EFBC}") = "SeaBattle2Lib", "SeaBattle2Lib\SeaBattle2Lib.csproj", "{8B66D8F7-F264-4F93-98AB-AA200D8B9487}"
EndProject
Project("{FAE04EC0-301F-11D3-BF4B-00C04F79EFBC}") = "SeaBattle2TelegramServer", "SeaBattle2TelegramServer\SeaBattle2TelegramServer.csproj", "{F2224D25-913A-469B-8417-FDF027FED0FA}"
EndProject
Global
	GlobalSection(SolutionConfigurationPlatforms) = preSolution
		Debug|Any CPU = Debug|Any CPU
		Release|Any CPU = Release|Any CPU
	EndGlobalSection
	GlobalSection(ProjectConfigurationPlatforms) = postSolution
		{44AA10D8-525F-45D4-8A77-647114755456}.Debug|Any CPU.ActiveCfg = Debug|Any CPU
		{44AA10D8-525F-45D4-8A77-647114755456}.Debug|Any CPU.Build.0 = Debug|Any CPU
		{44AA10D8-525F-45D4-8A77-647114755456}.Release|Any CPU.ActiveCfg = Release|Any CPU
		{44AA10D8-525F-45D4-8A77-647114755456}.Release|Any CPU.Build.0 = Release|Any CPU
		{8B66D8F7-F264-4F93-98AB-AA200D8B9487}.Debug|Any CPU.ActiveCfg = Debug|Any CPU
		{8B66D8F7-F264-4F93-98AB-AA200D8B9487}.Debug|Any CPU.Build.0 = Debug|Any CPU
		{8B66D8F7-F264-4F93-98AB-AA200D8B9487}.Release|Any CPU.ActiveCfg = Release|Any CPU
		{8B66D8F7-F264-4F93-98AB-AA200D8B9487}.Release|Any CPU.Build.0 = Release|Any CPU
		{F2224D25-913A-469B-8417-FDF027FED0FA}.Debug|Any CPU.ActiveCfg = Debug|Any CPU
		{F2224D25-913A-469B-8417-FDF027FED0FA}.Debug|Any CPU.Build.0 = Debug|Any CPU
		{F2224D25-913A-469B-8417-FDF027FED0FA}.Release|Any CPU.ActiveCfg = Release|Any CPU
		{F2224D25-913A-469B-8417-FDF027FED0FA}.Release|Any CPU.Build.0 = Release|Any CPU
	EndGlobalSection
EndGlobal
